{
  "name": "Realtime-Chatapp",
  "lockfileVersion": 3,
  "requires": true,
  "packages": {
    "": {
      "dependencies": {
        "react-use-websocket": "^4.11.1"
      }
    },
    "node_modules/react-use-websocket": {
      "version": "4.11.1",
      "resolved": "https://registry.npmjs.org/react-use-websocket/-/react-use-websocket-4.11.1.tgz",
      "integrity": "sha512-39e8mK2a2A1h8uY3ePF45b2q0vwMOmaEy7J5qEhQg4n7vYa5oDLmqutG36kZQgAQ/3KCZS0brlGRbbZJ0+zfKQ=="
    }
  }
}
